
Microsoft Visual Studio Solution File, Format Version 12.00
# Visual Studio 14
VisualStudioVersion = 14.0.25029.0
MinimumVisualStudioVersion = 10.0.40219.1
Project("{FAE04EC0-301F-11D3-BF4B-00C04F79EFBC}") = "Audio Transcriber", "Audio Transcriber.csproj", "{E4767775-5A21-49CD-998D-FC2BC6106916}"
EndProject
Global
	GlobalSection(SolutionConfigurationPlatforms) = preSolution
		Debug|x86 = Debug|x86
		Release|x86 = Release|x86
	EndGlobalSection
	GlobalSection(ProjectConfigurationPlatforms) = postSolution
		{E4767775-5A21-49CD-998D-FC2BC6106916}.Debug|x86.ActiveCfg = Debug|x86
		{E4767775-5A21-49CD-998D-FC2BC6106916}.Debug|x86.Build.0 = Debug|x86
		{E4767775-5A21-49CD-998D-FC2BC6106916}.Release|x86.ActiveCfg = Release|x86
		{E4767775-5A21-49CD-998D-FC2BC6106916}.Release|x86.Build.0 = Release|x86
	EndGlobalSection
	GlobalSection(SolutionProperties) = preSolution
		HideSolutionNode = FALSE
	EndGlobalSection
EndGlobal
